// !$*UTF8*$!
{
	archiveVersion = 1;
	classes = {
	};
	objectVersion = 46;
	objects = {

/* Begin PBXBuildFile section */
		6CEAEEFB19C6ACBE00D9C0BD /* main.swift in Sources */ = {isa = PBXBuildFile; fileRef = 6CEAEEFA19C6ACBE00D9C0BD /* main.swift */; };
		6CEAEF0219C6ACE000D9C0BD /* Car.swift in Sources */ = {isa = PBXBuildFile; fileRef = 6CEAEF0119C6ACE000D9C0BD /* Car.swift */; };
		6CEAEF0419C6AEB600D9C0BD /* TurboCar.swift in Sources */ = {isa = PBXBuildFile; fileRef = 6CEAEF0319C6AEB600D9C0BD /* TurboCar.swift */; };
		6CEAEF0619C6B13900D9C0BD /* HybridCar.swift in Sources */ = {isa = PBXBuildFile; fileRef = 6CEAEF0519C6B13900D9C0BD /* HybridCar.swift */; };
		6CEAEF0819C6B40C00D9C0BD /* PickupTruck.swift in Sources */ = {isa = PBXBuildFile; fileRef = 6CEAEF0719C6B40C00D9C0BD /* PickupTruck.swift */; };
/* End PBXBuildFile section */

/* Begin PBXCopyFilesBuildPhase section */
		6CEAEEF519C6ACBE00D9C0BD /* CopyFiles */ = {
			isa = PBXCopyFilesBuildPhase;
			buildActionMask = 2147483647;
			dstPath = /usr/share/man/man1/;
			dstSubfolderSpec = 0;
			files = (
			);
			runOnlyForDeploymentPostprocessing = 1;
		};
/* End PBXCopyFilesBuildPhase section */

/* Begin PBXFileReference section */
		6CEAEEF719C6ACBE00D9C0BD /* Unit2Lesson3 */ = {isa = PBXFileReference; explicitFileType = "compiled.mach-o.executable"; includeInIndex = 0; path = Unit2Lesson3; sourceTree = BUILT_PRODUCTS_DIR; };
		6CEAEEFA19C6ACBE00D9C0BD /* main.swift */ = {isa = PBXFileReference; lastKnownFileType = sourcecode.swift; path = main.swift; sourceTree = "<group>"; };
		6CEAEF0119C6ACE000D9C0BD /* Car.swift */ = {isa = PBXFileReference; fileEncoding = 4; lastKnownFileType = sourcecode.swift; path = Car.swift; sourceTree = "<group>"; };
		6CEAEF0319C6AEB600D9C0BD /* TurboCar.swift */ = {isa = PBXFileReference; fileEncoding = 4; lastKnownFileType = sourcecode.swift; path = TurboCar.swift; sourceTree = "<group>"; };
		6CEAEF0519C6B13900D9C0BD /* HybridCar.swift */ = {isa = PBXFileReference; fileEncoding = 4; lastKnownFileType = sourcecode.swift; path = HybridCar.swift; sourceTree = "<group>"; };
		6CEAEF0719C6B40C00D9C0BD /* PickupTruck.swift */ = {isa = PBXFileReference; fileEncoding = 4; lastKnownFileType = sourcecode.swift; path = PickupTruck.swift; sourceTree = "<group>"; };
/* End PBXFileReference section */

/* Begin PBXFrameworksBuildPhase section */
		6CEAEEF419C6ACBE00D9C0BD /* Frameworks */ = {
			isa = PBXFrameworksBuildPhase;
			buildActionMask = 2147483647;
			files = (
			);
			runOnlyForDeploymentPostprocessing = 0;
		};
/* End PBXFrameworksBuildPhase section */

/* Begin PBXGroup section */
		6CEAEEEE19C6ACBE00D9C0BD = {
			isa = PBXGroup;
			children = (
				6CEAEEF919C6ACBE00D9C0BD /* Unit2Lesson3 */,
				6CEAEEF819C6ACBE00D9C0BD /* Products */,
			);
			sourceTree = "<group>";
		};
		6CEAEEF819C6ACBE00D9C0BD /* Products */ = {
			isa = PBXGroup;
			children = (
				6CEAEEF719C6ACBE00D9C0BD /* Unit2Lesson3 */,
			);
			name = Products;
			sourceTree = "<group>";
		};
		6CEAEEF919C6ACBE00D9C0BD /* Unit2Lesson3 */ = {
			isa = PBXGroup;
			children = (
				6CEAEEFA19C6ACBE00D9C0BD /* main.swift */,
				6CEAEF0719C6B40C00D9C0BD /* PickupTruck.swift */,
				6CEAEF0519C6B13900D9C0BD /* HybridCar.swift */,
				6CEAEF0119C6ACE000D9C0BD /* Car.swift */,
				6CEAEF0319C6AEB600D9C0BD /* TurboCar.swift */,
			);
			path = Unit2Lesson3;
			sourceTree = "<group>";
		};
/* End PBXGroup section */

/* Begin PBXNativeTarget section */
		6CEAEEF619C6ACBE00D9C0BD /* Unit2Lesson3 */ = {
			isa = PBXNativeTarget;
			buildConfigurationList = 6CEAEEFE19C6ACBE00D9C0BD /* Build configuration list for PBXNativeTarget "Unit2Lesson3" */;
			buildPhases = (
				6CEAEEF319C6ACBE00D9C0BD /* Sources */,
				6CEAEEF419C6ACBE00D9C0BD /* Frameworks */,
				6CEAEEF519C6ACBE00D9C0BD /* CopyFiles */,
			);
			buildRules = (
			);
			dependencies = (
			);
			name = Unit2Lesson3;
			productName = Unit2Lesson3;
			productReference = 6CEAEEF719C6ACBE00D9C0BD /* Unit2Lesson3 */;
			productType = "com.apple.product-type.tool";
		};
/* End PBXNativeTarget section */

/* Begin PBXProject section */
		6CEAEEEF19C6ACBE00D9C0BD /* Project object */ = {
			isa = PBXProject;
			attributes = {
				LastUpgradeCheck = 0600;
				ORGANIZATIONNAME = "Prism-Mobile";
				TargetAttributes = {
					6CEAEEF619C6ACBE00D9C0BD = {
						CreatedOnToolsVersion = 6.1;
					};
				};
			};
			buildConfigurationList = 6CEAEEF219C6ACBE00D9C0BD /* Build configuration list for PBXProject "Unit2Lesson3" */;
			compatibilityVersion = "Xcode 3.2";
			developmentRegion = English;
			hasScannedForEncodings = 0;
			knownRegions = (
				en,
			);
			mainGroup = 6CEAEEEE19C6ACBE00D9C0BD;
			productRefGroup = 6CEAEEF819C6ACBE00D9C0BD /* Products */;
			projectDirPath = "";
			projectRoot = "";
			targets = (
				6CEAEEF619C6ACBE00D9C0BD /* Unit2Lesson3 */,
			);
		};
/* End PBXProject section */

/* Begin PBXSourcesBuildPhase section */
		6CEAEEF319C6ACBE00D9C0BD /* Sources */ = {
			isa = PBXSourcesBuildPhase;
			buildActionMask = 2147483647;
			files = (
				6CEAEF0219C6ACE000D9C0BD /* Car.swift in Sources */,
				6CEAEEFB19C6ACBE00D9C0BD /* main.swift in Sources */,
				6CEAEF0819C6B40C00D9C0BD /* PickupTruck.swift in Sources */,
				6CEAEF0619C6B13900D9C0BD /* HybridCar.swift in Sources */,
				6CEAEF0419C6AEB600D9C0BD /* TurboCar.swift in Sources */,
			);
			runOnlyForDeploymentPostprocessing = 0;
		};
/* End PBXSourcesBuildPhase section */

/* Begin XCBuildConfiguration section */
		6CEAEEFC19C6ACBE00D9C0BD /* Debug */ = {
			isa = XCBuildConfiguration;
			buildSettings = {
				ALWAYS_SEARCH_USER_PATHS = NO;
				CLANG_CXX_LANGUAGE_STANDARD = "gnu++0x";
				CLANG_CXX_LIBRARY = "libc++";
				CLANG_ENABLE_MODULES = YES;
				CLANG_ENABLE_OBJC_ARC = YES;
				CLANG_WARN_BOOL_CONVERSION = YES;
				CLANG_WARN_CONSTANT_CONVERSION = YES;
				CLANG_WARN_DIRECT_OBJC_ISA_USAGE = YES_ERROR;
				CLANG_WARN_EMPTY_BODY = YES;
				CLANG_WARN_ENUM_CONVERSION = YES;
				CLANG_WARN_INT_CONVERSION = YES;
				CLANG_WARN_OBJC_ROOT_CLASS = YES_ERROR;
				CLANG_WARN_UNREACHABLE_CODE = YES;
				CLANG_WARN__DUPLICATE_METHOD_MATCH = YES;
				COPY_PHASE_STRIP = NO;
				ENABLE_STRICT_OBJC_MSGSEND = YES;
				GCC_C_LANGUAGE_STANDARD = gnu99;
				GCC_DYNAMIC_NO_PIC = NO;
				GCC_OPTIMIZATION_LEVEL = 0;
				GCC_PREPROCESSOR_DEFINITIONS = (
					"DEBUG=1",
					"$(inherited)",
				);
				GCC_SYMBOLS_PRIVATE_EXTERN = NO;
				GCC_WARN_64_TO_32_BIT_CONVERSION = YES;
				GCC_WARN_ABOUT_RETURN_TYPE = YES_ERROR;
				GCC_WARN_UNDECLARED_SELECTOR = YES;
				GCC_WARN_UNINITIALIZED_AUTOS = YES_AGGRESSIVE;
				GCC_WARN_UNUSED_FUNCTION = YES;
				GCC_WARN_UNUSED_VARIABLE = YES;
				MACOSX_DEPLOYMENT_TARGET = 10.9;
				MTL_ENABLE_DEBUG_INFO = YES;
				ONLY_ACTIVE_ARCH = YES;
				SDKROOT = macosx;
				SWIFT_OPTIMIZATION_LEVEL = "-Onone";
			};
			name = Debug;
		};
		6CEAEEFD19C6ACBE00D9C0BD /* Release */ = {
			isa = XCBuildConfiguration;
			buildSettings = {
				ALWAYS_SEARCH_USER_PATHS = NO;
				CLANG_CXX_LANGUAGE_STANDARD = "gnu++0x";
				CLANG_CXX_LIBRARY = "libc++";
				CLANG_ENABLE_MODULES = YES;
				CLANG_ENABLE_OBJC_ARC = YES;
				CLANG_WARN_BOOL_CONVERSION = YES;
				CLANG_WARN_CONSTANT_CONVERSION = YES;
				CLANG_WARN_DIRECT_OBJC_ISA_USAGE = YES_ERROR;
				CLANG_WARN_EMPTY_BODY = YES;
				CLANG_WARN_ENUM_CONVERSION = YES;
				CLANG_WARN_INT_CONVERSION = YES;
				CLANG_WARN_OBJC_ROOT_CLASS = YES_ERROR;
				CLANG_WARN_UNREACHABLE_CODE = YES;
				CLANG_WARN__DUPLICATE_METHOD_MATCH = YES;
				COPY_PHASE_STRIP = YES;
				DEBUG_INFORMATION_FORMAT = "dwarf-with-dsym";
				ENABLE_NS_ASSERTIONS = NO;
				ENABLE_STRICT_OBJC_MSGSEND = YES;
				GCC_C_LANGUAGE_STANDARD = gnu99;
				GCC_WARN_64_TO_32_BIT_CONVERSION = YES;
				GCC_WARN_ABOUT_RETURN_TYPE = YES_ERROR;
				GCC_WARN_UNDECLARED_SELECTOR = YES;
				GCC_WARN_UNINITIALIZED_AUTOS = YES_AGGRESSIVE;
				GCC_WARN_UNUSED_FUNCTION = YES;
				GCC_WARN_UNUSED_VARIABLE = YES;
				MACOSX_DEPLOYMENT_TARGET = 10.9;
				MTL_ENABLE_DEBUG_INFO = NO;
				SDKROOT = macosx;
			};
			name = Release;
		};
		6CEAEEFF19C6ACBE00D9C0BD /* Debug */ = {
			isa = XCBuildConfiguration;
			buildSettings = {
				PRODUCT_NAME = "$(TARGET_NAME)";
			};
			name = Debug;
		};
		6CEAEF0019C6ACBE00D9C0BD /* Release */ = {
			isa = XCBuildConfiguration;
			buildSettings = {
				PRODUCT_NAME = "$(TARGET_NAME)";
			};
			name = Release;
		};
/* End XCBuildConfiguration section */

/* Begin XCConfigurationList section */
		6CEAEEF219C6ACBE00D9C0BD /* Build configuration list for PBXProject "Unit2Lesson3" */ = {
			isa = XCConfigurationList;
			buildConfigurations = (
				6CEAEEFC19C6ACBE00D9C0BD /* Debug */,
				6CEAEEFD19C6ACBE00D9C0BD /* Release */,
			);
			defaultConfigurationIsVisible = 0;
			defaultConfigurationName = Release;
		};
		6CEAEEFE19C6ACBE00D9C0BD /* Build configuration list for PBXNativeTarget "Unit2Lesson3" */ = {
			isa = XCConfigurationList;
			buildConfigurations = (
				6CEAEEFF19C6ACBE00D9C0BD /* Debug */,
				6CEAEF0019C6ACBE00D9C0BD /* Release */,
			);
			defaultConfigurationIsVisible = 0;
		};
/* End XCConfigurationList section */
	};
	rootObject = 6CEAEEEF19C6ACBE00D9C0BD /* Project object */;
}
